<?xml version="1.0" encoding="utf-8"?>
<Project ToolsVersion="4.0" xmlns="http://schemas.microsoft.com/developer/msbuild/2003">
  <ItemGroup>
    <Filter Include="Resource Files">
      <UniqueIdentifier>{67DA6AB6-F800-4c08-8B7A-83BB121AAD01}</UniqueIdentifier>
      <Extensions>rc;ico;cur;bmp;dlg;rc2;rct;bin;rgs;gif;jpg;jpeg;jpe;resx;tiff;tif;png;wav;mfcribbon-ms</Extensions>
    </Filter>
    <Filter Include="Test Files">
      <UniqueIdentifier>{d76ebb26-975e-4c1d-8b80-8ccbe0453f86}</UniqueIdentifier>
    </Filter>
    <Filter Include="Parser">
      <UniqueIdentifier>{d3a1677d-3da2-4d88-97ac-c141c6d693e3}</UniqueIdentifier>
    </Filter>
    <Filter Include="Scanner">
      <UniqueIdentifier>{27ee51eb-b2f8-4882-9be0-e845155feedc}</UniqueIdentifier>
    </Filter>
    <Filter Include="Utility">
      <UniqueIdentifier>{88788759-c577-4ea4-8c75-e8d7dcd809e7}</UniqueIdentifier>
    </Filter>
    <Filter Include="Examples">
      <UniqueIdentifier>{48be157c-5c3d-4c3e-b45f-1dceb068046e}</UniqueIdentifier>
    </Filter>
    <Filter Include="AutoSyntax">
      <UniqueIdentifier>{145b3342-f4be-4bde-92a1-d8afa74672f6}</UniqueIdentifier>
    </Filter>
    <Filter Include="ILGenerate">
      <UniqueIdentifier>{2483f918-b7f8-49fd-8eb1-a5b5f8cc54f8}</UniqueIdentifier>
    </Filter>
    <Filter Include="CustomCode">
      <UniqueIdentifier>{b0471200-11de-4c79-b7a7-1dd11ab61a41}</UniqueIdentifier>
    </Filter>
  </ItemGroup>
  <ItemGroup>
    <ClCompile Include="FileLoader.cpp">
      <Filter>Utility</Filter>
    </ClCompile>
    <ClCompile Include="ArithmeticExpression.cpp">
      <Filter>Parser</Filter>
    </ClCompile>
    <ClCompile Include="ArithmeticOperator.cpp">
      <Filter>Scanner</Filter>
    </ClCompile>
    <ClCompile Include="Assignment.cpp">
      <Filter>Scanner</Filter>
    </ClCompile>
    <ClCompile Include="BaseWord.cpp">
      <Filter>Scanner</Filter>
    </ClCompile>
    <ClCompile Include="Digit.cpp">
      <Filter>Scanner</Filter>
    </ClCompile>
    <ClCompile Include="Identifier.cpp">
      <Filter>Scanner</Filter>
    </ClCompile>
    <ClCompile Include="Keyword.cpp">
      <Filter>Scanner</Filter>
    </ClCompile>
    <ClCompile Include="LogicalOperator.cpp">
      <Filter>Scanner</Filter>
    </ClCompile>
    <ClCompile Include="RawString.cpp">
      <Filter>Scanner</Filter>
    </ClCompile>
    <ClCompile Include="RelationalOperator.cpp">
      <Filter>Scanner</Filter>
    </ClCompile>
    <ClCompile Include="Separator.cpp">
      <Filter>Scanner</Filter>
    </ClCompile>
    <ClCompile Include="myCompiler.cpp" />
    <ClCompile Include="Scanner.cpp">
      <Filter>Scanner</Filter>
    </ClCompile>
    <ClCompile Include="Highlight.cpp">
      <Filter>Utility</Filter>
    </ClCompile>
    <ClCompile Include="CalculatorCompiler.cpp">
      <Filter>CustomCode</Filter>
    </ClCompile>
    <ClCompile Include="ExampleCompiler.cpp">
      <Filter>CustomCode</Filter>
    </ClCompile>
    <ClCompile Include="ILSymbolTable.cpp">
      <Filter>ILGenerate</Filter>
    </ClCompile>
    <ClCompile Include="ILGenerator.cpp">
      <Filter>CustomCode</Filter>
    </ClCompile>
  </ItemGroup>
  <ItemGroup>
    <ClInclude Include="FileLoader.h">
      <Filter>Utility</Filter>
    </ClInclude>
    <ClInclude Include="ArithmeticExpression.h">
      <Filter>Parser</Filter>
    </ClInclude>
    <ClInclude Include="Parser.h">
      <Filter>Parser</Filter>
    </ClInclude>
    <ClInclude Include="SLRParser.h">
      <Filter>Parser</Filter>
    </ClInclude>
    <ClInclude Include="ArithmeticOperator.h">
      <Filter>Scanner</Filter>
    </ClInclude>
    <ClInclude Include="Assignment.h">
      <Filter>Scanner</Filter>
    </ClInclude>
    <ClInclude Include="BaseWord.h">
      <Filter>Scanner</Filter>
    </ClInclude>
    <ClInclude Include="Digit.h">
      <Filter>Scanner</Filter>
    </ClInclude>
    <ClInclude Include="Identifier.h">
      <Filter>Scanner</Filter>
    </ClInclude>
    <ClInclude Include="Keyword.h">
      <Filter>Scanner</Filter>
    </ClInclude>
    <ClInclude Include="LogicalOperator.h">
      <Filter>Scanner</Filter>
    </ClInclude>
    <ClInclude Include="RawString.h">
      <Filter>Scanner</Filter>
    </ClInclude>
    <ClInclude Include="RelationalOperator.h">
      <Filter>Scanner</Filter>
    </ClInclude>
    <ClInclude Include="Scanner.h">
      <Filter>Scanner</Filter>
    </ClInclude>
    <ClInclude Include="Separator.h">
      <Filter>Scanner</Filter>
    </ClInclude>
    <ClInclude Include="SetHelper.h">
      <Filter>Utility</Filter>
    </ClInclude>
    <ClInclude Include="Examples.h">
      <Filter>Examples</Filter>
    </ClInclude>
    <ClInclude Include="SyntaxDirected.h">
      <Filter>AutoSyntax</Filter>
    </ClInclude>
    <ClInclude Include="Highlight.h">
      <Filter>Utility</Filter>
    </ClInclude>
    <ClInclude Include="CalculatorCompiler.h">
      <Filter>CustomCode</Filter>
    </ClInclude>
    <ClInclude Include="ExampleCompiler.h">
      <Filter>CustomCode</Filter>
    </ClInclude>
    <ClInclude Include="DefinitionCompiler.h">
      <Filter>CustomCode</Filter>
    </ClInclude>
    <ClInclude Include="ILSymbolTable.h">
      <Filter>ILGenerate</Filter>
    </ClInclude>
    <ClInclude Include="ILGenerator.h">
      <Filter>CustomCode</Filter>
    </ClInclude>
    <ClInclude Include="SealedValue.h">
      <Filter>Utility</Filter>
    </ClInclude>
    <ClInclude Include="LR1Parser.h">
      <Filter>Parser</Filter>
    </ClInclude>
    <ClInclude Include="CustomCodeMacro.h">
      <Filter>AutoSyntax</Filter>
    </ClInclude>
  </ItemGroup>
  <ItemGroup>
    <Text Include="scanner_test.txt">
      <Filter>Test Files</Filter>
    </Text>
    <Text Include="parser_test.txt">
      <Filter>Test Files</Filter>
    </Text>
    <Text Include="my_keyword.cfg">
      <Filter>Resource Files</Filter>
    </Text>
    <Text Include="definition_test.txt">
      <Filter>Test Files</Filter>
    </Text>
    <Text Include="sample_test.txt">
      <Filter>Test Files</Filter>
    </Text>
    <Text Include="syntax_test.txt">
      <Filter>Test Files</Filter>
    </Text>
  </ItemGroup>
  <ItemGroup>
    <None Include="my_syntax.syn">
      <Filter>Resource Files</Filter>
    </None>
    <None Include="definition_syntax.syn">
      <Filter>Resource Files</Filter>
    </None>
    <None Include="control_syntax.syn">
      <Filter>Resource Files</Filter>
    </None>
    <None Include="complete_syntax.syn">
      <Filter>Resource Files</Filter>
    </None>
    <None Include="test_syn.syn">
      <Filter>Resource Files</Filter>
    </None>
  </ItemGroup>
</Project>